
Microsoft Visual Studio Solution File, Format Version 12.00
# Visual Studio 15
VisualStudioVersion = 15.0.28010.2048
MinimumVisualStudioVersion = 10.0.40219.1
Project("{FAE04EC0-301F-11D3-BF4B-00C04F79EFBC}") = "NaverToolApp", "NaverToolApp\NaverToolApp.csproj", "{15497FE2-9321-442E-9C5D-AD0CF2CD8843}"
EndProject
Global
	GlobalSection(SolutionConfigurationPlatforms) = preSolution
		Debug|Any CPU = Debug|Any CPU
		Release|Any CPU = Release|Any CPU
	EndGlobalSection
	GlobalSection(ProjectConfigurationPlatforms) = postSolution
		{15497FE2-9321-442E-9C5D-AD0CF2CD8843}.Debug|Any CPU.ActiveCfg = Debug|Any CPU
		{15497FE2-9321-442E-9C5D-AD0CF2CD8843}.Debug|Any CPU.Build.0 = Debug|Any CPU
		{15497FE2-9321-442E-9C5D-AD0CF2CD8843}.Release|Any CPU.ActiveCfg = Release|Any CPU
		{15497FE2-9321-442E-9C5D-AD0CF2CD8843}.Release|Any CPU.Build.0 = Release|Any CPU
	EndGlobalSection
	GlobalSection(SolutionProperties) = preSolution
		HideSolutionNode = FALSE
	EndGlobalSection
	GlobalSection(ExtensibilityGlobals) = postSolution
		SolutionGuid = {478DE19A-0886-4A7D-A910-DD43D849B9B0}
	EndGlobalSection
EndGlobal
